
Microsoft Visual Studio Solution File, Format Version 12.00
# Visual Studio Version 17
VisualStudioVersion = 17.2.32505.173
MinimumVisualStudioVersion = 10.0.40219.1
Project("{8BC9CEB8-8B4A-11D0-8D11-00A0C91BC942}") = "caffeine", "caffeine\caffeine.vcxproj", "{68B69CB8-1B27-4F42-A562-515C14420828}"
EndProject
Global
	GlobalSection(SolutionConfigurationPlatforms) = preSolution
		Debug|x64 = Debug|x64
		Debug|x86 = Debug|x86
		Release|x64 = Release|x64
		Release|x86 = Release|x86
	EndGlobalSection
	GlobalSection(ProjectConfigurationPlatforms) = postSolution
		{68B69CB8-1B27-4F42-A562-515C14420828}.Debug|x64.ActiveCfg = Debug|x64
		{68B69CB8-1B27-4F42-A562-515C14420828}.Debug|x64.Build.0 = Debug|x64
		{68B69CB8-1B27-4F42-A562-515C14420828}.Debug|x86.ActiveCfg = Debug|Win32
		{68B69CB8-1B27-4F42-A562-515C14420828}.Debug|x86.Build.0 = Debug|Win32
		{68B69CB8-1B27-4F42-A562-515C14420828}.Release|x64.ActiveCfg = Release|x64
		{68B69CB8-1B27-4F42-A562-515C14420828}.Release|x64.Build.0 = Release|x64
		{68B69CB8-1B27-4F42-A562-515C14420828}.Release|x86.ActiveCfg = Release|Win32
		{68B69CB8-1B27-4F42-A562-515C14420828}.Release|x86.Build.0 = Release|Win32
	EndGlobalSection
	GlobalSection(SolutionProperties) = preSolution
		HideSolutionNode = FALSE
	EndGlobalSection
	GlobalSection(ExtensibilityGlobals) = postSolution
		SolutionGuid = {6987213B-E038-4D9A-ADEF-7583C5B126CE}
	EndGlobalSection
EndGlobal
